
Microsoft Visual Studio Solution File, Format Version 12.00
# Visual Studio Version 17
VisualStudioVersion = 17.8.34525.116
MinimumVisualStudioVersion = 10.0.40219.1
Project("{FAE04EC0-301F-11D3-BF4B-00C04F79EFBC}") = "EasyWorkApp", "EasyWorkApp.csproj", "{9496CD43-01D6-40AE-A329-343268E36BB6}"
EndProject
Global
	GlobalSection(SolutionConfigurationPlatforms) = preSolution
		Debug|Any CPU = Debug|Any CPU
		Release|Any CPU = Release|Any CPU
	EndGlobalSection
	GlobalSection(ProjectConfigurationPlatforms) = postSolution
		{9496CD43-01D6-40AE-A329-343268E36BB6}.Debug|Any CPU.ActiveCfg = Debug|Any CPU
		{9496CD43-01D6-40AE-A329-343268E36BB6}.Debug|Any CPU.Build.0 = Debug|Any CPU
		{9496CD43-01D6-40AE-A329-343268E36BB6}.Release|Any CPU.ActiveCfg = Release|Any CPU
		{9496CD43-01D6-40AE-A329-343268E36BB6}.Release|Any CPU.Build.0 = Release|Any CPU
	EndGlobalSection
	GlobalSection(SolutionProperties) = preSolution
		HideSolutionNode = FALSE
	EndGlobalSection
	GlobalSection(ExtensibilityGlobals) = postSolution
		SolutionGuid = {8554E4A4-8E86-477C-945B-A82CF7DF2AFE}
	EndGlobalSection
EndGlobal
